
Microsoft Visual Studio Solution File, Format Version 12.00
# Visual Studio Version 17
VisualStudioVersion = 17.10.35013.160
MinimumVisualStudioVersion = 10.0.40219.1
Project("{9A19103F-16F7-4668-BE54-9A1E7A4F7556}") = "CoinTradeAppMVC", "CoinTradeAppMVC.csproj", "{559708AA-A7A3-4B47-A1F5-09A3DC3BEA7E}"
EndProject
Project("{FAE04EC0-301F-11D3-BF4B-00C04F79EFBC}") = "OrderWorkerService", "..\OrderWorkerService\OrderWorkerService.csproj", "{531056E3-7D16-4812-83AD-47DF81A8BCE2}"
EndProject
Global
	GlobalSection(SolutionConfigurationPlatforms) = preSolution
		Debug|Any CPU = Debug|Any CPU
		Release|Any CPU = Release|Any CPU
	EndGlobalSection
	GlobalSection(ProjectConfigurationPlatforms) = postSolution
		{559708AA-A7A3-4B47-A1F5-09A3DC3BEA7E}.Debug|Any CPU.ActiveCfg = Debug|Any CPU
		{559708AA-A7A3-4B47-A1F5-09A3DC3BEA7E}.Debug|Any CPU.Build.0 = Debug|Any CPU
		{559708AA-A7A3-4B47-A1F5-09A3DC3BEA7E}.Release|Any CPU.ActiveCfg = Release|Any CPU
		{559708AA-A7A3-4B47-A1F5-09A3DC3BEA7E}.Release|Any CPU.Build.0 = Release|Any CPU
		{531056E3-7D16-4812-83AD-47DF81A8BCE2}.Debug|Any CPU.ActiveCfg = Debug|Any CPU
		{531056E3-7D16-4812-83AD-47DF81A8BCE2}.Debug|Any CPU.Build.0 = Debug|Any CPU
		{531056E3-7D16-4812-83AD-47DF81A8BCE2}.Release|Any CPU.ActiveCfg = Release|Any CPU
		{531056E3-7D16-4812-83AD-47DF81A8BCE2}.Release|Any CPU.Build.0 = Release|Any CPU
	EndGlobalSection
	GlobalSection(SolutionProperties) = preSolution
		HideSolutionNode = FALSE
	EndGlobalSection
	GlobalSection(ExtensibilityGlobals) = postSolution
		SolutionGuid = {66215F1B-D330-4F6C-A0C1-E91060538F4D}
	EndGlobalSection
EndGlobal
